
Microsoft Visual Studio Solution File, Format Version 12.00
# Visual Studio Version 17
Project("{8BC9CEB8-8B4A-11D0-8D11-00A0C91BC942}") = "ALL_BUILD", "ALL_BUILD.vcxproj", "{884DE125-8609-3EC3-98C2-438C9C2B8931}"
	ProjectSection(ProjectDependencies) = postProject
		{F84927C7-528A-334F-A3E5-39992A79C9C9} = {F84927C7-528A-334F-A3E5-39992A79C9C9}
		{6E31DEBE-7BA4-3CDF-8392-92F1E3956888} = {6E31DEBE-7BA4-3CDF-8392-92F1E3956888}
	EndProjectSection
EndProject
Project("{8BC9CEB8-8B4A-11D0-8D11-00A0C91BC942}") = "ZERO_CHECK", "ZERO_CHECK.vcxproj", "{F84927C7-528A-334F-A3E5-39992A79C9C9}"
	ProjectSection(ProjectDependencies) = postProject
	EndProjectSection
EndProject
Project("{8BC9CEB8-8B4A-11D0-8D11-00A0C91BC942}") = "uebung_01", "uebung_01.vcxproj", "{6E31DEBE-7BA4-3CDF-8392-92F1E3956888}"
	ProjectSection(ProjectDependencies) = postProject
		{F84927C7-528A-334F-A3E5-39992A79C9C9} = {F84927C7-528A-334F-A3E5-39992A79C9C9}
	EndProjectSection
EndProject
Global
	GlobalSection(SolutionConfigurationPlatforms) = preSolution
		Debug|x64 = Debug|x64
		Release|x64 = Release|x64
		MinSizeRel|x64 = MinSizeRel|x64
		RelWithDebInfo|x64 = RelWithDebInfo|x64
	EndGlobalSection
	GlobalSection(ProjectConfigurationPlatforms) = postSolution
		{884DE125-8609-3EC3-98C2-438C9C2B8931}.Debug|x64.ActiveCfg = Debug|x64
		{884DE125-8609-3EC3-98C2-438C9C2B8931}.Release|x64.ActiveCfg = Release|x64
		{884DE125-8609-3EC3-98C2-438C9C2B8931}.MinSizeRel|x64.ActiveCfg = MinSizeRel|x64
		{884DE125-8609-3EC3-98C2-438C9C2B8931}.RelWithDebInfo|x64.ActiveCfg = RelWithDebInfo|x64
		{F84927C7-528A-334F-A3E5-39992A79C9C9}.Debug|x64.ActiveCfg = Debug|x64
		{F84927C7-528A-334F-A3E5-39992A79C9C9}.Debug|x64.Build.0 = Debug|x64
		{F84927C7-528A-334F-A3E5-39992A79C9C9}.Release|x64.ActiveCfg = Release|x64
		{F84927C7-528A-334F-A3E5-39992A79C9C9}.Release|x64.Build.0 = Release|x64
		{F84927C7-528A-334F-A3E5-39992A79C9C9}.MinSizeRel|x64.ActiveCfg = MinSizeRel|x64
		{F84927C7-528A-334F-A3E5-39992A79C9C9}.MinSizeRel|x64.Build.0 = MinSizeRel|x64
		{F84927C7-528A-334F-A3E5-39992A79C9C9}.RelWithDebInfo|x64.ActiveCfg = RelWithDebInfo|x64
		{F84927C7-528A-334F-A3E5-39992A79C9C9}.RelWithDebInfo|x64.Build.0 = RelWithDebInfo|x64
		{6E31DEBE-7BA4-3CDF-8392-92F1E3956888}.Debug|x64.ActiveCfg = Debug|x64
		{6E31DEBE-7BA4-3CDF-8392-92F1E3956888}.Debug|x64.Build.0 = Debug|x64
		{6E31DEBE-7BA4-3CDF-8392-92F1E3956888}.Release|x64.ActiveCfg = Release|x64
		{6E31DEBE-7BA4-3CDF-8392-92F1E3956888}.Release|x64.Build.0 = Release|x64
		{6E31DEBE-7BA4-3CDF-8392-92F1E3956888}.MinSizeRel|x64.ActiveCfg = MinSizeRel|x64
		{6E31DEBE-7BA4-3CDF-8392-92F1E3956888}.MinSizeRel|x64.Build.0 = MinSizeRel|x64
		{6E31DEBE-7BA4-3CDF-8392-92F1E3956888}.RelWithDebInfo|x64.ActiveCfg = RelWithDebInfo|x64
		{6E31DEBE-7BA4-3CDF-8392-92F1E3956888}.RelWithDebInfo|x64.Build.0 = RelWithDebInfo|x64
	EndGlobalSection
	GlobalSection(ExtensibilityGlobals) = postSolution
		SolutionGuid = {B6F734E0-4277-3E4D-A725-6D6B75AAAEC2}
	EndGlobalSection
	GlobalSection(ExtensibilityAddIns) = postSolution
	EndGlobalSection
EndGlobal
