<?xml version="1.0" encoding="utf-8"?>
<Project ToolsVersion="17.0" xmlns="http://schemas.microsoft.com/developer/msbuild/2003">
  <ItemGroup>
    <CustomBuild Include="C:\Users\anhqu\Documents\Framework_OpenGL_OBJ_LSA_Qt6_Legacy_Window\build\CMakeFiles\5347718d8f7867069242eb49733c7d00\generate.stamp.rule">
      <Filter>CMake Rules</Filter>
    </CustomBuild>
  </ItemGroup>
  <ItemGroup>
    <Filter Include="CMake Rules">
      <UniqueIdentifier>{F4F25743-79C4-37C3-8E81-075E88870E54}</UniqueIdentifier>
    </Filter>
  </ItemGroup>
</Project>
